# THIS IS AN AUTOGENERATED FILE. DO NOT EDIT THIS FILE DIRECTLY.
# yarn lockfile v1


eslint-config-loopback@^10.0.0:
  version "10.0.0"
  resolved "https://registry.yarnpkg.com/eslint-config-loopback/-/eslint-config-loopback-10.0.0.tgz#1362f3e5efc8e2c58761b40ddec280398bafe74f"
  dependencies:
    eslint-plugin-mocha "^4.11.0"

eslint-plugin-mocha@^4.11.0:
  version "4.11.0"
  resolved "https://registry.yarnpkg.com/eslint-plugin-mocha/-/eslint-plugin-mocha-4.11.0.tgz#91193a2f55e20a5e35974054a0089d30198ee578"
  dependencies:
    ramda "^0.24.1"

ramda@^0.24.1:
  version "0.24.1"
  resolved "https://registry.yarnpkg.com/ramda/-/ramda-0.24.1.tgz#c3b7755197f35b8dc3502228262c4c91ddb6b857"
